{
  "name": "@izgateway/dependency-scripts",
  "version": "1.0.1",
  "lockfileVersion": 3,
  "requires": true,
  "packages": {
    "": {
      "name": "@izgateway/dependency-scripts",
      "version": "1.0.1",
      "license": "MIT",
      "bin": {
        "fix-vulnerabilities": "fix-all-vulnerabilities.js",
        "test-overrides": "test-overrides.js",
        "update-overrides": "update-overrides.js"
      },
      "engines": {
        "node": ">=18.0.0"
      },
      "peerDependencies": {
        "semver": "^7.0.0"
      }
    },
    "node_modules/semver": {
      "version": "7.8.0",
      "resolved": "https://registry.npmjs.org/semver/-/semver-7.8.0.tgz",
      "integrity": "sha512-AcM7dV/5ul4EekoQ29Agm5vri8JNqRyj39o0qpX6vDF2GZrtutZl5RwgD1XnZjiTAfncsJhMI48QQH3sN87YNA==",
      "license": "ISC",
      "peer": true,
      "bin": {
        "semver": "bin/semver.js"
      },
      "engines": {
        "node": ">=10"
      }
    }
  }
}
